
Microsoft Visual Studio Solution File, Format Version 12.00
# Visual Studio Version 17
VisualStudioVersion = 17.5.002.0
MinimumVisualStudioVersion = 10.0.40219.1
Project("{2150E333-8FDC-42A3-9474-1A3956D46DE8}") = "csharp-prep", "csharp-prep", "{9D729170-E425-4C50-BFBE-A05CB5B96E10}"
EndProject
Project("{9A19103F-16F7-4668-BE54-9A1E7A4F7556}") = "Prep1", "csharp-prep\Prep1\Prep1.csproj", "{9A743307-3C08-42E9-AA67-5749EDC6DAA7}"
EndProject
Project("{9A19103F-16F7-4668-BE54-9A1E7A4F7556}") = "Prep2", "csharp-prep\Prep2\Prep2.csproj", "{865BCC92-4D7A-4F40-A356-F35A6071B63B}"
EndProject
Project("{9A19103F-16F7-4668-BE54-9A1E7A4F7556}") = "Prep3", "csharp-prep\Prep3\Prep3.csproj", "{5D56AF2C-0A3A-4608-BBA0-3E178CA27EAF}"
EndProject
Project("{9A19103F-16F7-4668-BE54-9A1E7A4F7556}") = "Prep4", "csharp-prep\Prep4\Prep4.csproj", "{D2F1F7E0-6472-4F52-BEB7-A8FC676B6897}"
EndProject
Project("{9A19103F-16F7-4668-BE54-9A1E7A4F7556}") = "Prep5", "csharp-prep\Prep5\Prep5.csproj", "{A3288F10-4B72-480D-A704-CCA8EDAFA599}"
EndProject
Project("{2150E333-8FDC-42A3-9474-1A3956D46DE8}") = "final", "final", "{746B080A-08F4-49A9-9E38-D88B2DFB4BCF}"
EndProject
Project("{9A19103F-16F7-4668-BE54-9A1E7A4F7556}") = "FinalProject", "final\FinalProject\FinalProject.csproj", "{62A42BB0-9012-4406-A620-6BD96CF8E4CF}"
EndProject
Project("{9A19103F-16F7-4668-BE54-9A1E7A4F7556}") = "Foundation1", "final\Foundation1\Foundation1.csproj", "{2CCA2739-35DB-47D4-A4A0-E80D8436591C}"
EndProject
Project("{9A19103F-16F7-4668-BE54-9A1E7A4F7556}") = "Foundation2", "final\Foundation2\Foundation2.csproj", "{4559E7E4-A23B-4E2A-BB83-460E2B40F701}"
EndProject
Project("{9A19103F-16F7-4668-BE54-9A1E7A4F7556}") = "Foundation3", "final\Foundation3\Foundation3.csproj", "{E0D6B048-4E5D-4720-B424-7900A60F623E}"
EndProject
Project("{9A19103F-16F7-4668-BE54-9A1E7A4F7556}") = "Foundation4", "final\Foundation4\Foundation4.csproj", "{9C8C8D26-1A8C-43E2-8E5F-9DC83B3761CF}"
EndProject
Project("{2150E333-8FDC-42A3-9474-1A3956D46DE8}") = "prepare", "prepare", "{73F52797-AB09-4267-9CB3-3CE2F842571D}"
EndProject
Project("{9A19103F-16F7-4668-BE54-9A1E7A4F7556}") = "Learning02", "prepare\Learning02\Learning02.csproj", "{156AF772-6385-4329-A09E-F3D5CA32132D}"
EndProject
Project("{9A19103F-16F7-4668-BE54-9A1E7A4F7556}") = "Learning03", "prepare\Learning03\Learning03.csproj", "{A96EE6ED-84B0-4F9E-9B38-ED2A4FB1AA4C}"
EndProject
Project("{9A19103F-16F7-4668-BE54-9A1E7A4F7556}") = "Learning04", "prepare\Learning04\Learning04.csproj", "{E5BD88C6-FC96-44F7-8C45-72779D31AB53}"
EndProject
Project("{9A19103F-16F7-4668-BE54-9A1E7A4F7556}") = "Learning05", "prepare\Learning05\Learning05.csproj", "{0BF9F520-FDAD-4F0A-9ABB-E22FA295996C}"
EndProject
Project("{2150E333-8FDC-42A3-9474-1A3956D46DE8}") = "prove", "prove", "{7E79B09E-2047-4832-9831-6494AC1791B6}"
EndProject
Project("{9A19103F-16F7-4668-BE54-9A1E7A4F7556}") = "Develop02", "prove\Develop02\Develop02.csproj", "{CC16F3F7-444E-4F5E-8A9C-3817AFE08BB9}"
EndProject
Project("{9A19103F-16F7-4668-BE54-9A1E7A4F7556}") = "Develop03", "prove\Develop03\Develop03.csproj", "{63CF55D7-D111-467E-B44A-579770C52CA4}"
EndProject
Project("{9A19103F-16F7-4668-BE54-9A1E7A4F7556}") = "Develop04", "prove\Develop04\Develop04.csproj", "{E27E9ACF-5997-4F07-8C97-4F305880F410}"
EndProject
Project("{9A19103F-16F7-4668-BE54-9A1E7A4F7556}") = "Develop05", "prove\Develop05\Develop05.csproj", "{1B84DE4D-0BE6-4309-9A5C-C48C4D37C23C}"
EndProject
Project("{2150E333-8FDC-42A3-9474-1A3956D46DE8}") = "sandbox", "sandbox", "{4E09A3FC-F243-48EC-AAF1-55F434AA5A47}"
EndProject
Project("{9A19103F-16F7-4668-BE54-9A1E7A4F7556}") = "Sandbox", "sandbox\Sandbox\Sandbox.csproj", "{5BC3661D-8728-40E6-8101-9CEAB2C56BEA}"
EndProject
Global
	GlobalSection(SolutionConfigurationPlatforms) = preSolution
		Debug|Any CPU = Debug|Any CPU
		Release|Any CPU = Release|Any CPU
	EndGlobalSection
	GlobalSection(ProjectConfigurationPlatforms) = postSolution
		{9A743307-3C08-42E9-AA67-5749EDC6DAA7}.Debug|Any CPU.ActiveCfg = Debug|Any CPU
		{9A743307-3C08-42E9-AA67-5749EDC6DAA7}.Debug|Any CPU.Build.0 = Debug|Any CPU
		{9A743307-3C08-42E9-AA67-5749EDC6DAA7}.Release|Any CPU.ActiveCfg = Release|Any CPU
		{9A743307-3C08-42E9-AA67-5749EDC6DAA7}.Release|Any CPU.Build.0 = Release|Any CPU
		{865BCC92-4D7A-4F40-A356-F35A6071B63B}.Debug|Any CPU.ActiveCfg = Debug|Any CPU
		{865BCC92-4D7A-4F40-A356-F35A6071B63B}.Debug|Any CPU.Build.0 = Debug|Any CPU
		{865BCC92-4D7A-4F40-A356-F35A6071B63B}.Release|Any CPU.ActiveCfg = Release|Any CPU
		{865BCC92-4D7A-4F40-A356-F35A6071B63B}.Release|Any CPU.Build.0 = Release|Any CPU
		{5D56AF2C-0A3A-4608-BBA0-3E178CA27EAF}.Debug|Any CPU.ActiveCfg = Debug|Any CPU
		{5D56AF2C-0A3A-4608-BBA0-3E178CA27EAF}.Debug|Any CPU.Build.0 = Debug|Any CPU
		{5D56AF2C-0A3A-4608-BBA0-3E178CA27EAF}.Release|Any CPU.ActiveCfg = Release|Any CPU
		{5D56AF2C-0A3A-4608-BBA0-3E178CA27EAF}.Release|Any CPU.Build.0 = Release|Any CPU
		{D2F1F7E0-6472-4F52-BEB7-A8FC676B6897}.Debug|Any CPU.ActiveCfg = Debug|Any CPU
		{D2F1F7E0-6472-4F52-BEB7-A8FC676B6897}.Debug|Any CPU.Build.0 = Debug|Any CPU
		{D2F1F7E0-6472-4F52-BEB7-A8FC676B6897}.Release|Any CPU.ActiveCfg = Release|Any CPU
		{D2F1F7E0-6472-4F52-BEB7-A8FC676B6897}.Release|Any CPU.Build.0 = Release|Any CPU
		{A3288F10-4B72-480D-A704-CCA8EDAFA599}.Debug|Any CPU.ActiveCfg = Debug|Any CPU
		{A3288F10-4B72-480D-A704-CCA8EDAFA599}.Debug|Any CPU.Build.0 = Debug|Any CPU
		{A3288F10-4B72-480D-A704-CCA8EDAFA599}.Release|Any CPU.ActiveCfg = Release|Any CPU
		{A3288F10-4B72-480D-A704-CCA8EDAFA599}.Release|Any CPU.Build.0 = Release|Any CPU
		{62A42BB0-9012-4406-A620-6BD96CF8E4CF}.Debug|Any CPU.ActiveCfg = Debug|Any CPU
		{62A42BB0-9012-4406-A620-6BD96CF8E4CF}.Debug|Any CPU.Build.0 = Debug|Any CPU
		{62A42BB0-9012-4406-A620-6BD96CF8E4CF}.Release|Any CPU.ActiveCfg = Release|Any CPU
		{62A42BB0-9012-4406-A620-6BD96CF8E4CF}.Release|Any CPU.Build.0 = Release|Any CPU
		{2CCA2739-35DB-47D4-A4A0-E80D8436591C}.Debug|Any CPU.ActiveCfg = Debug|Any CPU
		{2CCA2739-35DB-47D4-A4A0-E80D8436591C}.Debug|Any CPU.Build.0 = Debug|Any CPU
		{2CCA2739-35DB-47D4-A4A0-E80D8436591C}.Release|Any CPU.ActiveCfg = Release|Any CPU
		{2CCA2739-35DB-47D4-A4A0-E80D8436591C}.Release|Any CPU.Build.0 = Release|Any CPU
		{4559E7E4-A23B-4E2A-BB83-460E2B40F701}.Debug|Any CPU.ActiveCfg = Debug|Any CPU
		{4559E7E4-A23B-4E2A-BB83-460E2B40F701}.Debug|Any CPU.Build.0 = Debug|Any CPU
		{4559E7E4-A23B-4E2A-BB83-460E2B40F701}.Release|Any CPU.ActiveCfg = Release|Any CPU
		{4559E7E4-A23B-4E2A-BB83-460E2B40F701}.Release|Any CPU.Build.0 = Release|Any CPU
		{E0D6B048-4E5D-4720-B424-7900A60F623E}.Debug|Any CPU.ActiveCfg = Debug|Any CPU
		{E0D6B048-4E5D-4720-B424-7900A60F623E}.Debug|Any CPU.Build.0 = Debug|Any CPU
		{E0D6B048-4E5D-4720-B424-7900A60F623E}.Release|Any CPU.ActiveCfg = Release|Any CPU
		{E0D6B048-4E5D-4720-B424-7900A60F623E}.Release|Any CPU.Build.0 = Release|Any CPU
		{9C8C8D26-1A8C-43E2-8E5F-9DC83B3761CF}.Debug|Any CPU.ActiveCfg = Debug|Any CPU
		{9C8C8D26-1A8C-43E2-8E5F-9DC83B3761CF}.Debug|Any CPU.Build.0 = Debug|Any CPU
		{9C8C8D26-1A8C-43E2-8E5F-9DC83B3761CF}.Release|Any CPU.ActiveCfg = Release|Any CPU
		{9C8C8D26-1A8C-43E2-8E5F-9DC83B3761CF}.Release|Any CPU.Build.0 = Release|Any CPU
		{156AF772-6385-4329-A09E-F3D5CA32132D}.Debug|Any CPU.ActiveCfg = Debug|Any CPU
		{156AF772-6385-4329-A09E-F3D5CA32132D}.Debug|Any CPU.Build.0 = Debug|Any CPU
		{156AF772-6385-4329-A09E-F3D5CA32132D}.Release|Any CPU.ActiveCfg = Release|Any CPU
		{156AF772-6385-4329-A09E-F3D5CA32132D}.Release|Any CPU.Build.0 = Release|Any CPU
		{A96EE6ED-84B0-4F9E-9B38-ED2A4FB1AA4C}.Debug|Any CPU.ActiveCfg = Debug|Any CPU
		{A96EE6ED-84B0-4F9E-9B38-ED2A4FB1AA4C}.Debug|Any CPU.Build.0 = Debug|Any CPU
		{A96EE6ED-84B0-4F9E-9B38-ED2A4FB1AA4C}.Release|Any CPU.ActiveCfg = Release|Any CPU
		{A96EE6ED-84B0-4F9E-9B38-ED2A4FB1AA4C}.Release|Any CPU.Build.0 = Release|Any CPU
		{E5BD88C6-FC96-44F7-8C45-72779D31AB53}.Debug|Any CPU.ActiveCfg = Debug|Any CPU
		{E5BD88C6-FC96-44F7-8C45-72779D31AB53}.Debug|Any CPU.Build.0 = Debug|Any CPU
		{E5BD88C6-FC96-44F7-8C45-72779D31AB53}.Release|Any CPU.ActiveCfg = Release|Any CPU
		{E5BD88C6-FC96-44F7-8C45-72779D31AB53}.Release|Any CPU.Build.0 = Release|Any CPU
		{0BF9F520-FDAD-4F0A-9ABB-E22FA295996C}.Debug|Any CPU.ActiveCfg = Debug|Any CPU
		{0BF9F520-FDAD-4F0A-9ABB-E22FA295996C}.Debug|Any CPU.Build.0 = Debug|Any CPU
		{0BF9F520-FDAD-4F0A-9ABB-E22FA295996C}.Release|Any CPU.ActiveCfg = Release|Any CPU
		{0BF9F520-FDAD-4F0A-9ABB-E22FA295996C}.Release|Any CPU.Build.0 = Release|Any CPU
		{CC16F3F7-444E-4F5E-8A9C-3817AFE08BB9}.Debug|Any CPU.ActiveCfg = Debug|Any CPU
		{CC16F3F7-444E-4F5E-8A9C-3817AFE08BB9}.Debug|Any CPU.Build.0 = Debug|Any CPU
		{CC16F3F7-444E-4F5E-8A9C-3817AFE08BB9}.Release|Any CPU.ActiveCfg = Release|Any CPU
		{CC16F3F7-444E-4F5E-8A9C-3817AFE08BB9}.Release|Any CPU.Build.0 = Release|Any CPU
		{63CF55D7-D111-467E-B44A-579770C52CA4}.Debug|Any CPU.ActiveCfg = Debug|Any CPU
		{63CF55D7-D111-467E-B44A-579770C52CA4}.Debug|Any CPU.Build.0 = Debug|Any CPU
		{63CF55D7-D111-467E-B44A-579770C52CA4}.Release|Any CPU.ActiveCfg = Release|Any CPU
		{63CF55D7-D111-467E-B44A-579770C52CA4}.Release|Any CPU.Build.0 = Release|Any CPU
		{E27E9ACF-5997-4F07-8C97-4F305880F410}.Debug|Any CPU.ActiveCfg = Debug|Any CPU
		{E27E9ACF-5997-4F07-8C97-4F305880F410}.Debug|Any CPU.Build.0 = Debug|Any CPU
		{E27E9ACF-5997-4F07-8C97-4F305880F410}.Release|Any CPU.ActiveCfg = Release|Any CPU
		{E27E9ACF-5997-4F07-8C97-4F305880F410}.Release|Any CPU.Build.0 = Release|Any CPU
		{1B84DE4D-0BE6-4309-9A5C-C48C4D37C23C}.Debug|Any CPU.ActiveCfg = Debug|Any CPU
		{1B84DE4D-0BE6-4309-9A5C-C48C4D37C23C}.Debug|Any CPU.Build.0 = Debug|Any CPU
		{1B84DE4D-0BE6-4309-9A5C-C48C4D37C23C}.Release|Any CPU.ActiveCfg = Release|Any CPU
		{1B84DE4D-0BE6-4309-9A5C-C48C4D37C23C}.Release|Any CPU.Build.0 = Release|Any CPU
		{5BC3661D-8728-40E6-8101-9CEAB2C56BEA}.Debug|Any CPU.ActiveCfg = Debug|Any CPU
		{5BC3661D-8728-40E6-8101-9CEAB2C56BEA}.Debug|Any CPU.Build.0 = Debug|Any CPU
		{5BC3661D-8728-40E6-8101-9CEAB2C56BEA}.Release|Any CPU.ActiveCfg = Release|Any CPU
		{5BC3661D-8728-40E6-8101-9CEAB2C56BEA}.Release|Any CPU.Build.0 = Release|Any CPU
	EndGlobalSection
	GlobalSection(SolutionProperties) = preSolution
		HideSolutionNode = FALSE
	EndGlobalSection
	GlobalSection(NestedProjects) = preSolution
		{9A743307-3C08-42E9-AA67-5749EDC6DAA7} = {9D729170-E425-4C50-BFBE-A05CB5B96E10}
		{865BCC92-4D7A-4F40-A356-F35A6071B63B} = {9D729170-E425-4C50-BFBE-A05CB5B96E10}
		{5D56AF2C-0A3A-4608-BBA0-3E178CA27EAF} = {9D729170-E425-4C50-BFBE-A05CB5B96E10}
		{D2F1F7E0-6472-4F52-BEB7-A8FC676B6897} = {9D729170-E425-4C50-BFBE-A05CB5B96E10}
		{A3288F10-4B72-480D-A704-CCA8EDAFA599} = {9D729170-E425-4C50-BFBE-A05CB5B96E10}
		{62A42BB0-9012-4406-A620-6BD96CF8E4CF} = {746B080A-08F4-49A9-9E38-D88B2DFB4BCF}
		{2CCA2739-35DB-47D4-A4A0-E80D8436591C} = {746B080A-08F4-49A9-9E38-D88B2DFB4BCF}
		{4559E7E4-A23B-4E2A-BB83-460E2B40F701} = {746B080A-08F4-49A9-9E38-D88B2DFB4BCF}
		{E0D6B048-4E5D-4720-B424-7900A60F623E} = {746B080A-08F4-49A9-9E38-D88B2DFB4BCF}
		{9C8C8D26-1A8C-43E2-8E5F-9DC83B3761CF} = {746B080A-08F4-49A9-9E38-D88B2DFB4BCF}
		{156AF772-6385-4329-A09E-F3D5CA32132D} = {73F52797-AB09-4267-9CB3-3CE2F842571D}
		{A96EE6ED-84B0-4F9E-9B38-ED2A4FB1AA4C} = {73F52797-AB09-4267-9CB3-3CE2F842571D}
		{E5BD88C6-FC96-44F7-8C45-72779D31AB53} = {73F52797-AB09-4267-9CB3-3CE2F842571D}
		{0BF9F520-FDAD-4F0A-9ABB-E22FA295996C} = {73F52797-AB09-4267-9CB3-3CE2F842571D}
		{CC16F3F7-444E-4F5E-8A9C-3817AFE08BB9} = {7E79B09E-2047-4832-9831-6494AC1791B6}
		{63CF55D7-D111-467E-B44A-579770C52CA4} = {7E79B09E-2047-4832-9831-6494AC1791B6}
		{E27E9ACF-5997-4F07-8C97-4F305880F410} = {7E79B09E-2047-4832-9831-6494AC1791B6}
		{1B84DE4D-0BE6-4309-9A5C-C48C4D37C23C} = {7E79B09E-2047-4832-9831-6494AC1791B6}
		{5BC3661D-8728-40E6-8101-9CEAB2C56BEA} = {4E09A3FC-F243-48EC-AAF1-55F434AA5A47}
	EndGlobalSection
	GlobalSection(ExtensibilityGlobals) = postSolution
		SolutionGuid = {62892D7B-79C1-4BE6-904E-031DCC033622}
	EndGlobalSection
EndGlobal
